
Microsoft Visual Studio Solution File, Format Version 12.00
# Visual Studio 14
VisualStudioVersion = 14.0.25420.1
MinimumVisualStudioVersion = 10.0.40219.1
Project("{FAE04EC0-301F-11D3-BF4B-00C04F79EFBC}") = "CutterGame", "CutterGame\CutterGame.csproj", "{D71BD98C-883D-4C3F-A276-B6DF0506C4D7}"
EndProject
Project("{FAE04EC0-301F-11D3-BF4B-00C04F79EFBC}") = "CutterVisual", "CutterVisual\CutterVisual.csproj", "{5EF32411-7E0A-49FB-BFB7-DAA86F1355A8}"
EndProject
Global
	GlobalSection(SolutionConfigurationPlatforms) = preSolution
		Debug|Any CPU = Debug|Any CPU
		Release|Any CPU = Release|Any CPU
	EndGlobalSection
	GlobalSection(ProjectConfigurationPlatforms) = postSolution
		{D71BD98C-883D-4C3F-A276-B6DF0506C4D7}.Debug|Any CPU.ActiveCfg = Debug|Any CPU
		{D71BD98C-883D-4C3F-A276-B6DF0506C4D7}.Debug|Any CPU.Build.0 = Debug|Any CPU
		{D71BD98C-883D-4C3F-A276-B6DF0506C4D7}.Release|Any CPU.ActiveCfg = Release|Any CPU
		{D71BD98C-883D-4C3F-A276-B6DF0506C4D7}.Release|Any CPU.Build.0 = Release|Any CPU
		{5EF32411-7E0A-49FB-BFB7-DAA86F1355A8}.Debug|Any CPU.ActiveCfg = Debug|Any CPU
		{5EF32411-7E0A-49FB-BFB7-DAA86F1355A8}.Debug|Any CPU.Build.0 = Debug|Any CPU
		{5EF32411-7E0A-49FB-BFB7-DAA86F1355A8}.Release|Any CPU.ActiveCfg = Release|Any CPU
		{5EF32411-7E0A-49FB-BFB7-DAA86F1355A8}.Release|Any CPU.Build.0 = Release|Any CPU
	EndGlobalSection
	GlobalSection(SolutionProperties) = preSolution
		HideSolutionNode = FALSE
	EndGlobalSection
EndGlobal
